{
  "name": "@doordeck/javascript-doordeck-sdk",
  "version": "1.0.0",
  "lockfileVersion": 1,
  "requires": true,
  "dependencies": {
    "axios": {
      "version": "0.21.1",
      "resolved": "https://registry.npmjs.org/axios/-/axios-0.21.1.tgz",
      "integrity": "sha512-dKQiRHxGD9PPRIUNIWvZhPTPpl1rf/OxTYKsqKUDjBwYylTvV7SjSHJb9ratfyzM6wCdLCOYLzs73qpg5c4iGA==",
      "requires": {
        "follow-redirects": "^1.10.0"
      }
    },
    "follow-redirects": {
      "version": "1.13.1",
      "resolved": "https://registry.npmjs.org/follow-redirects/-/follow-redirects-1.13.1.tgz",
      "integrity": "sha512-SSG5xmZh1mkPGyKzjZP8zLjltIfpW32Y5QpdNJyjcfGxK3qo3NDDkZOZSFiGn1A6SclQxY9GzEwAHQ3dmYRWpg=="
    },
    "jsrsasign": {
      "version": "8.0.12",
      "resolved": "https://registry.npmjs.org/jsrsasign/-/jsrsasign-8.0.12.tgz",
      "integrity": "sha1-Iqu5ZW00owuVMENnIINeicLlwxY="
    },
    "libsodium": {
      "version": "0.7.5",
      "resolved": "https://registry.npmjs.org/libsodium/-/libsodium-0.7.5.tgz",
      "integrity": "sha512-0YVU2QJc5sDR5HHkGCaliYImS7pGeXi11fiOfm4DirBd96PJVZIn3LJa06ZOFjLNsWkL3UbNjYhLRUOABPL9vw=="
    },
    "libsodium-wrappers": {
      "version": "0.7.5",
      "resolved": "https://registry.npmjs.org/libsodium-wrappers/-/libsodium-wrappers-0.7.5.tgz",
      "integrity": "sha512-QE9Q+FxLLGdJRiJTuC2GB3LEHZeHX/VcbMQeNPdAixEKo86JPy6bOWND1XmMLu0tjWUu0xIY0YpJYQApxIZwbQ==",
      "requires": {
        "libsodium": "0.7.5"
      }
    }
  }
}
